
Microsoft Visual Studio Solution File, Format Version 12.00
# Visual Studio Version 17
VisualStudioVersion = 17.4.33122.133
MinimumVisualStudioVersion = 10.0.40219.1
Project("{FAE04EC0-301F-11D3-BF4B-00C04F79EFBC}") = "CalorieCounting", "CalorieCounting.csproj", "{AC4F9415-E6BA-4C30-A70F-571C18376612}"
EndProject
Global
	GlobalSection(SolutionConfigurationPlatforms) = preSolution
		Debug|Any CPU = Debug|Any CPU
		Release|Any CPU = Release|Any CPU
	EndGlobalSection
	GlobalSection(ProjectConfigurationPlatforms) = postSolution
		{AC4F9415-E6BA-4C30-A70F-571C18376612}.Debug|Any CPU.ActiveCfg = Debug|Any CPU
		{AC4F9415-E6BA-4C30-A70F-571C18376612}.Debug|Any CPU.Build.0 = Debug|Any CPU
		{AC4F9415-E6BA-4C30-A70F-571C18376612}.Release|Any CPU.ActiveCfg = Release|Any CPU
		{AC4F9415-E6BA-4C30-A70F-571C18376612}.Release|Any CPU.Build.0 = Release|Any CPU
	EndGlobalSection
	GlobalSection(SolutionProperties) = preSolution
		HideSolutionNode = FALSE
	EndGlobalSection
	GlobalSection(ExtensibilityGlobals) = postSolution
		SolutionGuid = {5ACFABF0-4093-4293-92BE-FD145DEB3F69}
	EndGlobalSection
EndGlobal
